
Microsoft Visual Studio Solution File, Format Version 12.00
# Visual Studio Version 17
VisualStudioVersion = 17.8.34316.72
MinimumVisualStudioVersion = 10.0.40219.1
Project("{FAE04EC0-301F-11D3-BF4B-00C04F79EFBC}") = "AuctionService", "AuctionService.csproj", "{0D4438C4-E9A1-4F78-AC99-4EC5F90B593B}"
EndProject
Global
	GlobalSection(SolutionConfigurationPlatforms) = preSolution
		Debug|Any CPU = Debug|Any CPU
		Release|Any CPU = Release|Any CPU
	EndGlobalSection
	GlobalSection(ProjectConfigurationPlatforms) = postSolution
		{0D4438C4-E9A1-4F78-AC99-4EC5F90B593B}.Debug|Any CPU.ActiveCfg = Debug|Any CPU
		{0D4438C4-E9A1-4F78-AC99-4EC5F90B593B}.Debug|Any CPU.Build.0 = Debug|Any CPU
		{0D4438C4-E9A1-4F78-AC99-4EC5F90B593B}.Release|Any CPU.ActiveCfg = Release|Any CPU
		{0D4438C4-E9A1-4F78-AC99-4EC5F90B593B}.Release|Any CPU.Build.0 = Release|Any CPU
	EndGlobalSection
	GlobalSection(SolutionProperties) = preSolution
		HideSolutionNode = FALSE
	EndGlobalSection
	GlobalSection(ExtensibilityGlobals) = postSolution
		SolutionGuid = {46D1F461-FFB8-40C7-8E16-758E057541CE}
	EndGlobalSection
EndGlobal
